
Microsoft Visual Studio Solution File, Format Version 12.00
# Visual Studio 2013
VisualStudioVersion = 12.0.21005.1
MinimumVisualStudioVersion = 10.0.40219.1
Project("{FAE04EC0-301F-11D3-BF4B-00C04F79EFBC}") = "KhoiDong", "ConsoleApplication1\KhoiDong.csproj", "{EA46C55E-9949-4D3E-85C5-6704F14315B3}"
EndProject
Global
	GlobalSection(SolutionConfigurationPlatforms) = preSolution
		Debug|Any CPU = Debug|Any CPU
		Release|Any CPU = Release|Any CPU
	EndGlobalSection
	GlobalSection(ProjectConfigurationPlatforms) = postSolution
		{EA46C55E-9949-4D3E-85C5-6704F14315B3}.Debug|Any CPU.ActiveCfg = Debug|Any CPU
		{EA46C55E-9949-4D3E-85C5-6704F14315B3}.Debug|Any CPU.Build.0 = Debug|Any CPU
		{EA46C55E-9949-4D3E-85C5-6704F14315B3}.Release|Any CPU.ActiveCfg = Release|Any CPU
		{EA46C55E-9949-4D3E-85C5-6704F14315B3}.Release|Any CPU.Build.0 = Release|Any CPU
	EndGlobalSection
	GlobalSection(SolutionProperties) = preSolution
		HideSolutionNode = FALSE
	EndGlobalSection
EndGlobal
